
Microsoft Visual Studio Solution File, Format Version 12.00
# Visual Studio 14
VisualStudioVersion = 14.0.25123.0
MinimumVisualStudioVersion = 10.0.40219.1
Project("{FAE04EC0-301F-11D3-BF4B-00C04F79EFBC}") = "Publishing", "Publishing\Publishing.csproj", "{9136F673-3E78-471E-A8D4-58E16A30A786}"
EndProject
Project("{FAE04EC0-301F-11D3-BF4B-00C04F79EFBC}") = "StructureEditor", "StructureEditor\StructureEditor.csproj", "{4D2CFC32-8F84-42B8-B3E7-5C2ADE226238}"
EndProject
Project("{FAE04EC0-301F-11D3-BF4B-00C04F79EFBC}") = "Stepic.BasicSample", "Stepic\Stepic.BasicSample.csproj", "{0852D0A0-11A3-4924-888E-C81A1C37CA3B}"
EndProject
Project("{2150E333-8FDC-42A3-9474-1A3956D46DE8}") = "Stepic", "Stepic", "{FEC3AC0D-CA75-4582-9425-81ECF82AF122}"
EndProject
Project("{FAE04EC0-301F-11D3-BF4B-00C04F79EFBC}") = "YoutubeSync", "YoutubeSync\YoutubeSync.csproj", "{8EE31F36-0783-4EDE-ACA2-53452DD84231}"
EndProject
Project("{FAE04EC0-301F-11D3-BF4B-00C04F79EFBC}") = "YoutubeCourseSync", "YoutubeCourseSync\YoutubeCourseSync.csproj", "{6B18F5C7-ADFB-4AAD-B254-3E9CD00DF99C}"
EndProject
Project("{FAE04EC0-301F-11D3-BF4B-00C04F79EFBC}") = "Match", "Match\Match.csproj", "{B2C88512-7604-4649-8DCC-8A6355DD5425}"
EndProject
Project("{FAE04EC0-301F-11D3-BF4B-00C04F79EFBC}") = "ULearnCourseSync", "ULearnCourseSync\ULearnCourseSync.csproj", "{F80EA17D-EF3A-4B72-AE40-487EEBFB1AA6}"
EndProject
Project("{FAE04EC0-301F-11D3-BF4B-00C04F79EFBC}") = "Script", "Script\Script.csproj", "{FAECE838-C14B-4C6C-87A4-B8134606B0BB}"
EndProject
Project("{FAE04EC0-301F-11D3-BF4B-00C04F79EFBC}") = "OldProjectConversion", "OldProjectConversion\OldProjectConversion.csproj", "{E98AE7B3-594B-4ACD-BF5D-3F8354B2A2CD}"
EndProject
Project("{FAE04EC0-301F-11D3-BF4B-00C04F79EFBC}") = "AudacityPreparing", "AudacityPreparing\AudacityPreparing.csproj", "{949F656C-CEB5-4791-890A-57718ABE0684}"
EndProject
Project("{FAE04EC0-301F-11D3-BF4B-00C04F79EFBC}") = "CreateStepicStructure", "CreateStepicStructure\CreateStepicStructure.csproj", "{595B3357-9FFF-4C71-8048-C477F4811FB9}"
EndProject
Project("{FAE04EC0-301F-11D3-BF4B-00C04F79EFBC}") = "RecodeVideoForStepic", "RecodeVideoForStepic\RecodeVideoForStepic.csproj", "{F9409BB0-B545-484F-8640-A5224D9A38F5}"
EndProject
Project("{FAE04EC0-301F-11D3-BF4B-00C04F79EFBC}") = "StepicDeleteRedundand", "StepicDeleteRedundand\StepicDeleteRedundand.csproj", "{E8847D71-CEFD-4C11-819A-09BD3C5A9040}"
EndProject
Project("{FAE04EC0-301F-11D3-BF4B-00C04F79EFBC}") = "Stepic.CheckAndSaveAdditionalSlides", "Stepic.CheckAndSaveAdditionalSlides\Stepic.CheckAndSaveAdditionalSlides.csproj", "{6CD5012F-0D65-4381-A17E-54898574F116}"
EndProject
Project("{FAE04EC0-301F-11D3-BF4B-00C04F79EFBC}") = "Runner", "Runner\Runner.csproj", "{4212EEF9-0AEA-4290-ADF8-F0A8676AD0CC}"
EndProject
Project("{FAE04EC0-301F-11D3-BF4B-00C04F79EFBC}") = "StepicDeadlines", "StepicDeadlines\StepicDeadlines.csproj", "{27371D38-D503-48B9-A912-2193C8C51DE4}"
EndProject
Project("{FAE04EC0-301F-11D3-BF4B-00C04F79EFBC}") = "UpdateVideoDescriptionFromOldFormat", "UpdateVideoDescriptionFromOldFormat\UpdateVideoDescriptionFromOldFormat.csproj", "{C29F23D3-D335-49A6-94A5-A0360B28D83F}"
EndProject
Project("{FAE04EC0-301F-11D3-BF4B-00C04F79EFBC}") = "Stepic.Scripts", "Stepic.Sync\Stepic.Scripts.csproj", "{8D63E0E5-815C-4762-8286-8A8E1E83EEB8}"
EndProject
Project("{FAE04EC0-301F-11D3-BF4B-00C04F79EFBC}") = "Stepic.PullChanges", "Stepic.PullChanges\Stepic.PullChanges.csproj", "{0B866A73-7EE8-468A-B56F-396E9CFF8AC2}"
EndProject
Global
	GlobalSection(SolutionConfigurationPlatforms) = preSolution
		Debug|Any CPU = Debug|Any CPU
		Release|Any CPU = Release|Any CPU
	EndGlobalSection
	GlobalSection(ProjectConfigurationPlatforms) = postSolution
		{9136F673-3E78-471E-A8D4-58E16A30A786}.Debug|Any CPU.ActiveCfg = Debug|Any CPU
		{9136F673-3E78-471E-A8D4-58E16A30A786}.Debug|Any CPU.Build.0 = Debug|Any CPU
		{9136F673-3E78-471E-A8D4-58E16A30A786}.Release|Any CPU.ActiveCfg = Release|Any CPU
		{9136F673-3E78-471E-A8D4-58E16A30A786}.Release|Any CPU.Build.0 = Release|Any CPU
		{4D2CFC32-8F84-42B8-B3E7-5C2ADE226238}.Debug|Any CPU.ActiveCfg = Debug|Any CPU
		{4D2CFC32-8F84-42B8-B3E7-5C2ADE226238}.Debug|Any CPU.Build.0 = Debug|Any CPU
		{4D2CFC32-8F84-42B8-B3E7-5C2ADE226238}.Release|Any CPU.ActiveCfg = Release|Any CPU
		{4D2CFC32-8F84-42B8-B3E7-5C2ADE226238}.Release|Any CPU.Build.0 = Release|Any CPU
		{0852D0A0-11A3-4924-888E-C81A1C37CA3B}.Debug|Any CPU.ActiveCfg = Debug|Any CPU
		{0852D0A0-11A3-4924-888E-C81A1C37CA3B}.Debug|Any CPU.Build.0 = Debug|Any CPU
		{0852D0A0-11A3-4924-888E-C81A1C37CA3B}.Release|Any CPU.ActiveCfg = Release|Any CPU
		{0852D0A0-11A3-4924-888E-C81A1C37CA3B}.Release|Any CPU.Build.0 = Release|Any CPU
		{8EE31F36-0783-4EDE-ACA2-53452DD84231}.Debug|Any CPU.ActiveCfg = Debug|Any CPU
		{8EE31F36-0783-4EDE-ACA2-53452DD84231}.Debug|Any CPU.Build.0 = Debug|Any CPU
		{8EE31F36-0783-4EDE-ACA2-53452DD84231}.Release|Any CPU.ActiveCfg = Release|Any CPU
		{8EE31F36-0783-4EDE-ACA2-53452DD84231}.Release|Any CPU.Build.0 = Release|Any CPU
		{6B18F5C7-ADFB-4AAD-B254-3E9CD00DF99C}.Debug|Any CPU.ActiveCfg = Debug|Any CPU
		{6B18F5C7-ADFB-4AAD-B254-3E9CD00DF99C}.Debug|Any CPU.Build.0 = Debug|Any CPU
		{6B18F5C7-ADFB-4AAD-B254-3E9CD00DF99C}.Release|Any CPU.ActiveCfg = Release|Any CPU
		{6B18F5C7-ADFB-4AAD-B254-3E9CD00DF99C}.Release|Any CPU.Build.0 = Release|Any CPU
		{B2C88512-7604-4649-8DCC-8A6355DD5425}.Debug|Any CPU.ActiveCfg = Debug|Any CPU
		{B2C88512-7604-4649-8DCC-8A6355DD5425}.Debug|Any CPU.Build.0 = Debug|Any CPU
		{B2C88512-7604-4649-8DCC-8A6355DD5425}.Release|Any CPU.ActiveCfg = Release|Any CPU
		{B2C88512-7604-4649-8DCC-8A6355DD5425}.Release|Any CPU.Build.0 = Release|Any CPU
		{F80EA17D-EF3A-4B72-AE40-487EEBFB1AA6}.Debug|Any CPU.ActiveCfg = Debug|Any CPU
		{F80EA17D-EF3A-4B72-AE40-487EEBFB1AA6}.Debug|Any CPU.Build.0 = Debug|Any CPU
		{F80EA17D-EF3A-4B72-AE40-487EEBFB1AA6}.Release|Any CPU.ActiveCfg = Release|Any CPU
		{F80EA17D-EF3A-4B72-AE40-487EEBFB1AA6}.Release|Any CPU.Build.0 = Release|Any CPU
		{FAECE838-C14B-4C6C-87A4-B8134606B0BB}.Debug|Any CPU.ActiveCfg = Debug|Any CPU
		{FAECE838-C14B-4C6C-87A4-B8134606B0BB}.Debug|Any CPU.Build.0 = Debug|Any CPU
		{FAECE838-C14B-4C6C-87A4-B8134606B0BB}.Release|Any CPU.ActiveCfg = Release|Any CPU
		{FAECE838-C14B-4C6C-87A4-B8134606B0BB}.Release|Any CPU.Build.0 = Release|Any CPU
		{E98AE7B3-594B-4ACD-BF5D-3F8354B2A2CD}.Debug|Any CPU.ActiveCfg = Debug|Any CPU
		{E98AE7B3-594B-4ACD-BF5D-3F8354B2A2CD}.Debug|Any CPU.Build.0 = Debug|Any CPU
		{E98AE7B3-594B-4ACD-BF5D-3F8354B2A2CD}.Release|Any CPU.ActiveCfg = Release|Any CPU
		{E98AE7B3-594B-4ACD-BF5D-3F8354B2A2CD}.Release|Any CPU.Build.0 = Release|Any CPU
		{949F656C-CEB5-4791-890A-57718ABE0684}.Debug|Any CPU.ActiveCfg = Debug|Any CPU
		{949F656C-CEB5-4791-890A-57718ABE0684}.Debug|Any CPU.Build.0 = Debug|Any CPU
		{949F656C-CEB5-4791-890A-57718ABE0684}.Release|Any CPU.ActiveCfg = Release|Any CPU
		{949F656C-CEB5-4791-890A-57718ABE0684}.Release|Any CPU.Build.0 = Release|Any CPU
		{595B3357-9FFF-4C71-8048-C477F4811FB9}.Debug|Any CPU.ActiveCfg = Debug|Any CPU
		{595B3357-9FFF-4C71-8048-C477F4811FB9}.Debug|Any CPU.Build.0 = Debug|Any CPU
		{595B3357-9FFF-4C71-8048-C477F4811FB9}.Release|Any CPU.ActiveCfg = Release|Any CPU
		{595B3357-9FFF-4C71-8048-C477F4811FB9}.Release|Any CPU.Build.0 = Release|Any CPU
		{F9409BB0-B545-484F-8640-A5224D9A38F5}.Debug|Any CPU.ActiveCfg = Debug|Any CPU
		{F9409BB0-B545-484F-8640-A5224D9A38F5}.Debug|Any CPU.Build.0 = Debug|Any CPU
		{F9409BB0-B545-484F-8640-A5224D9A38F5}.Release|Any CPU.ActiveCfg = Release|Any CPU
		{F9409BB0-B545-484F-8640-A5224D9A38F5}.Release|Any CPU.Build.0 = Release|Any CPU
		{E8847D71-CEFD-4C11-819A-09BD3C5A9040}.Debug|Any CPU.ActiveCfg = Debug|Any CPU
		{E8847D71-CEFD-4C11-819A-09BD3C5A9040}.Debug|Any CPU.Build.0 = Debug|Any CPU
		{E8847D71-CEFD-4C11-819A-09BD3C5A9040}.Release|Any CPU.ActiveCfg = Release|Any CPU
		{E8847D71-CEFD-4C11-819A-09BD3C5A9040}.Release|Any CPU.Build.0 = Release|Any CPU
		{6CD5012F-0D65-4381-A17E-54898574F116}.Debug|Any CPU.ActiveCfg = Debug|Any CPU
		{6CD5012F-0D65-4381-A17E-54898574F116}.Debug|Any CPU.Build.0 = Debug|Any CPU
		{6CD5012F-0D65-4381-A17E-54898574F116}.Release|Any CPU.ActiveCfg = Release|Any CPU
		{6CD5012F-0D65-4381-A17E-54898574F116}.Release|Any CPU.Build.0 = Release|Any CPU
		{4212EEF9-0AEA-4290-ADF8-F0A8676AD0CC}.Debug|Any CPU.ActiveCfg = Debug|Any CPU
		{4212EEF9-0AEA-4290-ADF8-F0A8676AD0CC}.Debug|Any CPU.Build.0 = Debug|Any CPU
		{4212EEF9-0AEA-4290-ADF8-F0A8676AD0CC}.Release|Any CPU.ActiveCfg = Release|Any CPU
		{4212EEF9-0AEA-4290-ADF8-F0A8676AD0CC}.Release|Any CPU.Build.0 = Release|Any CPU
		{27371D38-D503-48B9-A912-2193C8C51DE4}.Debug|Any CPU.ActiveCfg = Debug|Any CPU
		{27371D38-D503-48B9-A912-2193C8C51DE4}.Debug|Any CPU.Build.0 = Debug|Any CPU
		{27371D38-D503-48B9-A912-2193C8C51DE4}.Release|Any CPU.ActiveCfg = Release|Any CPU
		{27371D38-D503-48B9-A912-2193C8C51DE4}.Release|Any CPU.Build.0 = Release|Any CPU
		{C29F23D3-D335-49A6-94A5-A0360B28D83F}.Debug|Any CPU.ActiveCfg = Debug|Any CPU
		{C29F23D3-D335-49A6-94A5-A0360B28D83F}.Debug|Any CPU.Build.0 = Debug|Any CPU
		{C29F23D3-D335-49A6-94A5-A0360B28D83F}.Release|Any CPU.ActiveCfg = Release|Any CPU
		{C29F23D3-D335-49A6-94A5-A0360B28D83F}.Release|Any CPU.Build.0 = Release|Any CPU
		{8D63E0E5-815C-4762-8286-8A8E1E83EEB8}.Debug|Any CPU.ActiveCfg = Debug|Any CPU
		{8D63E0E5-815C-4762-8286-8A8E1E83EEB8}.Debug|Any CPU.Build.0 = Debug|Any CPU
		{8D63E0E5-815C-4762-8286-8A8E1E83EEB8}.Release|Any CPU.ActiveCfg = Release|Any CPU
		{8D63E0E5-815C-4762-8286-8A8E1E83EEB8}.Release|Any CPU.Build.0 = Release|Any CPU
		{0B866A73-7EE8-468A-B56F-396E9CFF8AC2}.Debug|Any CPU.ActiveCfg = Debug|Any CPU
		{0B866A73-7EE8-468A-B56F-396E9CFF8AC2}.Debug|Any CPU.Build.0 = Debug|Any CPU
		{0B866A73-7EE8-468A-B56F-396E9CFF8AC2}.Release|Any CPU.ActiveCfg = Release|Any CPU
		{0B866A73-7EE8-468A-B56F-396E9CFF8AC2}.Release|Any CPU.Build.0 = Release|Any CPU
	EndGlobalSection
	GlobalSection(SolutionProperties) = preSolution
		HideSolutionNode = FALSE
	EndGlobalSection
	GlobalSection(NestedProjects) = preSolution
		{0852D0A0-11A3-4924-888E-C81A1C37CA3B} = {FEC3AC0D-CA75-4582-9425-81ECF82AF122}
		{595B3357-9FFF-4C71-8048-C477F4811FB9} = {FEC3AC0D-CA75-4582-9425-81ECF82AF122}
		{F9409BB0-B545-484F-8640-A5224D9A38F5} = {FEC3AC0D-CA75-4582-9425-81ECF82AF122}
		{E8847D71-CEFD-4C11-819A-09BD3C5A9040} = {FEC3AC0D-CA75-4582-9425-81ECF82AF122}
		{6CD5012F-0D65-4381-A17E-54898574F116} = {FEC3AC0D-CA75-4582-9425-81ECF82AF122}
		{27371D38-D503-48B9-A912-2193C8C51DE4} = {FEC3AC0D-CA75-4582-9425-81ECF82AF122}
		{8D63E0E5-815C-4762-8286-8A8E1E83EEB8} = {FEC3AC0D-CA75-4582-9425-81ECF82AF122}
		{0B866A73-7EE8-468A-B56F-396E9CFF8AC2} = {FEC3AC0D-CA75-4582-9425-81ECF82AF122}
	EndGlobalSection
EndGlobal
